
Microsoft Visual Studio Solution File, Format Version 12.00
Project("{2150E333-8FDC-42A3-9474-1A3956D46DE8}") = "Bootstrapper", "Bootstrapper", "{DCA82B8A-B58D-4414-B2CA-68D476B020C4}"
EndProject
Project("{2150E333-8FDC-42A3-9474-1A3956D46DE8}") = "Modules", "Modules", "{719F69BB-2226-4F4A-BF73-A517B98A5686}"
EndProject
Project("{2150E333-8FDC-42A3-9474-1A3956D46DE8}") = "Shared", "Shared", "{F6091235-AB4D-4A32-A3F5-6B9FA67D37DF}"
EndProject
Project("{FAE04EC0-301F-11D3-BF4B-00C04F79EFBC}") = "PMS.Shared", "src\Shared\PMS.Shared\PMS.Shared.csproj", "{BAEE5CF2-6F70-4FEB-907B-6F2905B6578B}"
EndProject
Project("{2150E333-8FDC-42A3-9474-1A3956D46DE8}") = "Notifications", "Notifications", "{4F6886D3-5B4B-4862-A22F-C7EADB23E1D4}"
EndProject
Project("{2150E333-8FDC-42A3-9474-1A3956D46DE8}") = "Users", "Users", "{02266AC0-24D2-4A12-8539-B252B7A381F6}"
EndProject
Project("{FAE04EC0-301F-11D3-BF4B-00C04F79EFBC}") = "PMS.Modules.Users.Core", "src\Modules\Users\PMS.Modules.Users.Core\PMS.Modules.Users.Core.csproj", "{5F4EF924-3D23-4455-A2BF-93CFE232746E}"
EndProject
Project("{FAE04EC0-301F-11D3-BF4B-00C04F79EFBC}") = "PMS.Modules.Users.Shared", "src\Modules\Users\PMS.Modules.Users.Shared\PMS.Modules.Users.Shared.csproj", "{5852218D-8100-4833-B3A2-46EEB36AA9D2}"
EndProject
Project("{FAE04EC0-301F-11D3-BF4B-00C04F79EFBC}") = "PMS.Modules.Notifications.Shared", "src\Modules\Notifications\PMS.Modules.Notifications.Shared\PMS.Modules.Notifications.Shared.csproj", "{B478FF6B-BF14-4BD0-99D5-A7A5ACB2BE06}"
EndProject
Project("{FAE04EC0-301F-11D3-BF4B-00C04F79EFBC}") = "PMS.Modules.Notifications.Api", "src\Modules\Notifications\PMS.Modules.Notifications.Api\PMS.Modules.Notifications.Api.csproj", "{F740451A-EB84-41E1-8914-551DF17593C8}"
EndProject
Project("{FAE04EC0-301F-11D3-BF4B-00C04F79EFBC}") = "PMS.Modules.Users.Api", "src\Modules\Users\PMS.Modules.Users.Api\PMS.Modules.Users.Api.csproj", "{9B30A069-A47F-4A91-BA39-8B6AEC7E9479}"
EndProject
Global
	GlobalSection(SolutionConfigurationPlatforms) = preSolution
		Debug|Any CPU = Debug|Any CPU
		Release|Any CPU = Release|Any CPU
	EndGlobalSection
	GlobalSection(NestedProjects) = preSolution
		{BAEE5CF2-6F70-4FEB-907B-6F2905B6578B} = {F6091235-AB4D-4A32-A3F5-6B9FA67D37DF}
		{4F6886D3-5B4B-4862-A22F-C7EADB23E1D4} = {719F69BB-2226-4F4A-BF73-A517B98A5686}
		{02266AC0-24D2-4A12-8539-B252B7A381F6} = {719F69BB-2226-4F4A-BF73-A517B98A5686}
		{5F4EF924-3D23-4455-A2BF-93CFE232746E} = {02266AC0-24D2-4A12-8539-B252B7A381F6}
		{5852218D-8100-4833-B3A2-46EEB36AA9D2} = {02266AC0-24D2-4A12-8539-B252B7A381F6}
		{B478FF6B-BF14-4BD0-99D5-A7A5ACB2BE06} = {4F6886D3-5B4B-4862-A22F-C7EADB23E1D4}
		{F740451A-EB84-41E1-8914-551DF17593C8} = {4F6886D3-5B4B-4862-A22F-C7EADB23E1D4}
		{9B30A069-A47F-4A91-BA39-8B6AEC7E9479} = {02266AC0-24D2-4A12-8539-B252B7A381F6}
	EndGlobalSection
	GlobalSection(ProjectConfigurationPlatforms) = postSolution
		{BAEE5CF2-6F70-4FEB-907B-6F2905B6578B}.Debug|Any CPU.ActiveCfg = Debug|Any CPU
		{BAEE5CF2-6F70-4FEB-907B-6F2905B6578B}.Debug|Any CPU.Build.0 = Debug|Any CPU
		{BAEE5CF2-6F70-4FEB-907B-6F2905B6578B}.Release|Any CPU.ActiveCfg = Release|Any CPU
		{BAEE5CF2-6F70-4FEB-907B-6F2905B6578B}.Release|Any CPU.Build.0 = Release|Any CPU
		{5F4EF924-3D23-4455-A2BF-93CFE232746E}.Debug|Any CPU.ActiveCfg = Debug|Any CPU
		{5F4EF924-3D23-4455-A2BF-93CFE232746E}.Debug|Any CPU.Build.0 = Debug|Any CPU
		{5F4EF924-3D23-4455-A2BF-93CFE232746E}.Release|Any CPU.ActiveCfg = Release|Any CPU
		{5F4EF924-3D23-4455-A2BF-93CFE232746E}.Release|Any CPU.Build.0 = Release|Any CPU
		{5852218D-8100-4833-B3A2-46EEB36AA9D2}.Debug|Any CPU.ActiveCfg = Debug|Any CPU
		{5852218D-8100-4833-B3A2-46EEB36AA9D2}.Debug|Any CPU.Build.0 = Debug|Any CPU
		{5852218D-8100-4833-B3A2-46EEB36AA9D2}.Release|Any CPU.ActiveCfg = Release|Any CPU
		{5852218D-8100-4833-B3A2-46EEB36AA9D2}.Release|Any CPU.Build.0 = Release|Any CPU
		{B478FF6B-BF14-4BD0-99D5-A7A5ACB2BE06}.Debug|Any CPU.ActiveCfg = Debug|Any CPU
		{B478FF6B-BF14-4BD0-99D5-A7A5ACB2BE06}.Debug|Any CPU.Build.0 = Debug|Any CPU
		{B478FF6B-BF14-4BD0-99D5-A7A5ACB2BE06}.Release|Any CPU.ActiveCfg = Release|Any CPU
		{B478FF6B-BF14-4BD0-99D5-A7A5ACB2BE06}.Release|Any CPU.Build.0 = Release|Any CPU
		{F740451A-EB84-41E1-8914-551DF17593C8}.Debug|Any CPU.ActiveCfg = Debug|Any CPU
		{F740451A-EB84-41E1-8914-551DF17593C8}.Debug|Any CPU.Build.0 = Debug|Any CPU
		{F740451A-EB84-41E1-8914-551DF17593C8}.Release|Any CPU.ActiveCfg = Release|Any CPU
		{F740451A-EB84-41E1-8914-551DF17593C8}.Release|Any CPU.Build.0 = Release|Any CPU
		{9B30A069-A47F-4A91-BA39-8B6AEC7E9479}.Debug|Any CPU.ActiveCfg = Debug|Any CPU
		{9B30A069-A47F-4A91-BA39-8B6AEC7E9479}.Debug|Any CPU.Build.0 = Debug|Any CPU
		{9B30A069-A47F-4A91-BA39-8B6AEC7E9479}.Release|Any CPU.ActiveCfg = Release|Any CPU
		{9B30A069-A47F-4A91-BA39-8B6AEC7E9479}.Release|Any CPU.Build.0 = Release|Any CPU
	EndGlobalSection
EndGlobal
